{
  "name": "backend",
  "version": "1.0.0",
  "lockfileVersion": 3,
  "requires": true,
  "description": "E-Commerce REST API with Express.js",
  "main": "server.js",
  "packages": {},
  "devDependencies": {
    "nodemon": "^3.0.1"
  },
  "scripts": {
    "dev": "nodemon server.js",
    "start": "node server.js"
  }
}
